
Microsoft Visual Studio Solution File, Format Version 12.00
# Visual Studio Version 17
VisualStudioVersion = 17.9.34728.123
MinimumVisualStudioVersion = 10.0.40219.1
Project("{2150E333-8FDC-42A3-9474-1A3956D46DE8}") = "src", "src", "{0926E424-D6DC-4F65-A793-0720C7C44899}"
EndProject
Project("{2150E333-8FDC-42A3-9474-1A3956D46DE8}") = "services", "services", "{9A9E4E17-7744-460E-9D3B-C385E683A833}"
EndProject
Project("{2150E333-8FDC-42A3-9474-1A3956D46DE8}") = "Publisher", "Publisher", "{13E3CE57-735B-483E-8CC4-AB59E8805054}"
EndProject
Project("{9A19103F-16F7-4668-BE54-9A1E7A4F7556}") = "Publisher.API", "src\services\Publisher\Publisher.API\Publisher.API.csproj", "{2B0BD07E-E0DA-44EC-89BB-BA5141A732E9}"
EndProject
Project("{9A19103F-16F7-4668-BE54-9A1E7A4F7556}") = "Publisher.Application", "src\services\Publisher\Publisher.Application\Publisher.Application.csproj", "{84CD8155-8BE4-41D6-95C3-5FB52E28B600}"
EndProject
Project("{2150E333-8FDC-42A3-9474-1A3956D46DE8}") = "test", "test", "{9F3485B3-856B-4124-AB9B-6D2698357416}"
EndProject
Project("{9A19103F-16F7-4668-BE54-9A1E7A4F7556}") = "Publisher.Infraestructure", "src\services\Publisher\Publisher.Infraestructure\Publisher.Infraestructure.csproj", "{3267C198-3934-4E6A-887B-CA6BF49529E6}"
EndProject
Project("{9A19103F-16F7-4668-BE54-9A1E7A4F7556}") = "Publisher.Test", "src\test\Publisher.Test\Publisher.Test.csproj", "{B003C747-70BF-4708-9040-C5CBDD08ED78}"
EndProject
Project("{2150E333-8FDC-42A3-9474-1A3956D46DE8}") = "BuildingBlocks", "BuildingBlocks", "{73038085-704B-48F0-B61E-DD822B5722F7}"
EndProject
Project("{9A19103F-16F7-4668-BE54-9A1E7A4F7556}") = "EventBus.Messages", "src\BuildingBlocks\EventBus.Messages\EventBus.Messages.csproj", "{0E1C08F5-64C5-4CCE-A47D-8EC4A946E9D4}"
EndProject
Project("{E53339B2-1760-4266-BCC7-CA923CBCF16C}") = "docker-compose", "docker-compose.dcproj", "{18373E43-68EC-42AC-AF44-AB23C3187DC6}"
EndProject
Project("{2150E333-8FDC-42A3-9474-1A3956D46DE8}") = "Consumer", "Consumer", "{8F0ACA53-17C1-4843-81B0-0454EF854BB3}"
EndProject
Project("{FAE04EC0-301F-11D3-BF4B-00C04F79EFBC}") = "Consumer.API", "src\services\Consumer\Consumer.API\Consumer.API.csproj", "{640124B2-B9A6-41BB-BDCC-F423F950493F}"
EndProject
Project("{FAE04EC0-301F-11D3-BF4B-00C04F79EFBC}") = "Consumer.Application", "src\services\Consumer\Consumer.Application\Consumer.Application.csproj", "{696245B0-E713-4957-89FB-692241214EA5}"
EndProject
Project("{FAE04EC0-301F-11D3-BF4B-00C04F79EFBC}") = "Consumer.Infraestructure", "src\services\Consumer\Consumer.Infraestructure\Consumer.Infraestructure.csproj", "{FE1690B1-AAEE-4421-8CE3-87B86C471434}"
EndProject
Global
	GlobalSection(SolutionConfigurationPlatforms) = preSolution
		Debug|Any CPU = Debug|Any CPU
		Release|Any CPU = Release|Any CPU
	EndGlobalSection
	GlobalSection(ProjectConfigurationPlatforms) = postSolution
		{2B0BD07E-E0DA-44EC-89BB-BA5141A732E9}.Debug|Any CPU.ActiveCfg = Debug|Any CPU
		{2B0BD07E-E0DA-44EC-89BB-BA5141A732E9}.Debug|Any CPU.Build.0 = Debug|Any CPU
		{2B0BD07E-E0DA-44EC-89BB-BA5141A732E9}.Release|Any CPU.ActiveCfg = Release|Any CPU
		{2B0BD07E-E0DA-44EC-89BB-BA5141A732E9}.Release|Any CPU.Build.0 = Release|Any CPU
		{84CD8155-8BE4-41D6-95C3-5FB52E28B600}.Debug|Any CPU.ActiveCfg = Debug|Any CPU
		{84CD8155-8BE4-41D6-95C3-5FB52E28B600}.Debug|Any CPU.Build.0 = Debug|Any CPU
		{84CD8155-8BE4-41D6-95C3-5FB52E28B600}.Release|Any CPU.ActiveCfg = Release|Any CPU
		{84CD8155-8BE4-41D6-95C3-5FB52E28B600}.Release|Any CPU.Build.0 = Release|Any CPU
		{3267C198-3934-4E6A-887B-CA6BF49529E6}.Debug|Any CPU.ActiveCfg = Debug|Any CPU
		{3267C198-3934-4E6A-887B-CA6BF49529E6}.Debug|Any CPU.Build.0 = Debug|Any CPU
		{3267C198-3934-4E6A-887B-CA6BF49529E6}.Release|Any CPU.ActiveCfg = Release|Any CPU
		{3267C198-3934-4E6A-887B-CA6BF49529E6}.Release|Any CPU.Build.0 = Release|Any CPU
		{B003C747-70BF-4708-9040-C5CBDD08ED78}.Debug|Any CPU.ActiveCfg = Debug|Any CPU
		{B003C747-70BF-4708-9040-C5CBDD08ED78}.Debug|Any CPU.Build.0 = Debug|Any CPU
		{B003C747-70BF-4708-9040-C5CBDD08ED78}.Release|Any CPU.ActiveCfg = Release|Any CPU
		{B003C747-70BF-4708-9040-C5CBDD08ED78}.Release|Any CPU.Build.0 = Release|Any CPU
		{0E1C08F5-64C5-4CCE-A47D-8EC4A946E9D4}.Debug|Any CPU.ActiveCfg = Debug|Any CPU
		{0E1C08F5-64C5-4CCE-A47D-8EC4A946E9D4}.Debug|Any CPU.Build.0 = Debug|Any CPU
		{0E1C08F5-64C5-4CCE-A47D-8EC4A946E9D4}.Release|Any CPU.ActiveCfg = Release|Any CPU
		{0E1C08F5-64C5-4CCE-A47D-8EC4A946E9D4}.Release|Any CPU.Build.0 = Release|Any CPU
		{18373E43-68EC-42AC-AF44-AB23C3187DC6}.Debug|Any CPU.ActiveCfg = Debug|Any CPU
		{18373E43-68EC-42AC-AF44-AB23C3187DC6}.Debug|Any CPU.Build.0 = Debug|Any CPU
		{18373E43-68EC-42AC-AF44-AB23C3187DC6}.Release|Any CPU.ActiveCfg = Release|Any CPU
		{18373E43-68EC-42AC-AF44-AB23C3187DC6}.Release|Any CPU.Build.0 = Release|Any CPU
		{640124B2-B9A6-41BB-BDCC-F423F950493F}.Debug|Any CPU.ActiveCfg = Debug|Any CPU
		{640124B2-B9A6-41BB-BDCC-F423F950493F}.Debug|Any CPU.Build.0 = Debug|Any CPU
		{640124B2-B9A6-41BB-BDCC-F423F950493F}.Release|Any CPU.ActiveCfg = Release|Any CPU
		{640124B2-B9A6-41BB-BDCC-F423F950493F}.Release|Any CPU.Build.0 = Release|Any CPU
		{696245B0-E713-4957-89FB-692241214EA5}.Debug|Any CPU.ActiveCfg = Debug|Any CPU
		{696245B0-E713-4957-89FB-692241214EA5}.Debug|Any CPU.Build.0 = Debug|Any CPU
		{696245B0-E713-4957-89FB-692241214EA5}.Release|Any CPU.ActiveCfg = Release|Any CPU
		{696245B0-E713-4957-89FB-692241214EA5}.Release|Any CPU.Build.0 = Release|Any CPU
		{FE1690B1-AAEE-4421-8CE3-87B86C471434}.Debug|Any CPU.ActiveCfg = Debug|Any CPU
		{FE1690B1-AAEE-4421-8CE3-87B86C471434}.Debug|Any CPU.Build.0 = Debug|Any CPU
		{FE1690B1-AAEE-4421-8CE3-87B86C471434}.Release|Any CPU.ActiveCfg = Release|Any CPU
		{FE1690B1-AAEE-4421-8CE3-87B86C471434}.Release|Any CPU.Build.0 = Release|Any CPU
	EndGlobalSection
	GlobalSection(SolutionProperties) = preSolution
		HideSolutionNode = FALSE
	EndGlobalSection
	GlobalSection(NestedProjects) = preSolution
		{9A9E4E17-7744-460E-9D3B-C385E683A833} = {0926E424-D6DC-4F65-A793-0720C7C44899}
		{13E3CE57-735B-483E-8CC4-AB59E8805054} = {9A9E4E17-7744-460E-9D3B-C385E683A833}
		{2B0BD07E-E0DA-44EC-89BB-BA5141A732E9} = {13E3CE57-735B-483E-8CC4-AB59E8805054}
		{84CD8155-8BE4-41D6-95C3-5FB52E28B600} = {13E3CE57-735B-483E-8CC4-AB59E8805054}
		{9F3485B3-856B-4124-AB9B-6D2698357416} = {0926E424-D6DC-4F65-A793-0720C7C44899}
		{3267C198-3934-4E6A-887B-CA6BF49529E6} = {13E3CE57-735B-483E-8CC4-AB59E8805054}
		{B003C747-70BF-4708-9040-C5CBDD08ED78} = {9F3485B3-856B-4124-AB9B-6D2698357416}
		{73038085-704B-48F0-B61E-DD822B5722F7} = {0926E424-D6DC-4F65-A793-0720C7C44899}
		{0E1C08F5-64C5-4CCE-A47D-8EC4A946E9D4} = {73038085-704B-48F0-B61E-DD822B5722F7}
		{8F0ACA53-17C1-4843-81B0-0454EF854BB3} = {9A9E4E17-7744-460E-9D3B-C385E683A833}
		{640124B2-B9A6-41BB-BDCC-F423F950493F} = {8F0ACA53-17C1-4843-81B0-0454EF854BB3}
		{696245B0-E713-4957-89FB-692241214EA5} = {8F0ACA53-17C1-4843-81B0-0454EF854BB3}
		{FE1690B1-AAEE-4421-8CE3-87B86C471434} = {8F0ACA53-17C1-4843-81B0-0454EF854BB3}
	EndGlobalSection
	GlobalSection(ExtensibilityGlobals) = postSolution
		SolutionGuid = {935CBFF1-D721-4B5A-9325-065912B63255}
	EndGlobalSection
EndGlobal
